{
  "name": "@kiwe/seam-capture",
  "version": "0.2.0",
  "lockfileVersion": 3,
  "requires": true,
  "packages": {
    "": {
      "name": "@kiwe/seam-capture",
      "version": "0.2.0",
      "dependencies": {
        "playwright-core": "1.53.2"
      },
      "engines": {
        "node": ">=22"
      }
    },
    "node_modules/playwright-core": {
      "version": "1.53.2",
      "resolved": "https://registry.npmjs.org/playwright-core/-/playwright-core-1.53.2.tgz",
      "integrity": "sha512-ox/OytMy+2w1jcYEYlOo1Hhp8hZkLCximMTUTMBXjGUA1KoFfiSZ+DU+3a739jsPY0yoKH2TFy9S2fsJas8yAw==",
      "license": "Apache-2.0",
      "bin": {
        "playwright-core": "cli.js"
      },
      "engines": {
        "node": ">=18"
      }
    }
  }
}
